
Microsoft Visual Studio Solution File, Format Version 12.00
# Visual Studio Version 16
VisualStudioVersion = 16.0.30114.105
MinimumVisualStudioVersion = 10.0.40219.1
Project("{2150E333-8FDC-42A3-9474-1A3956D46DE8}") = "Service", "Service", "{514813E3-B652-4DD3-BEDC-BB7757C26104}"
EndProject
Project("{FAE04EC0-301F-11D3-BF4B-00C04F79EFBC}") = "Infra", "Service\Infra\Infra.csproj", "{19E3237C-FFF7-43E8-B673-FBD0F0A25AE3}"
EndProject
Project("{FAE04EC0-301F-11D3-BF4B-00C04F79EFBC}") = "Application", "Service\Application\Application.csproj", "{306153EC-8F51-4F06-AFF0-2F5F44432F01}"
EndProject
Project("{FAE04EC0-301F-11D3-BF4B-00C04F79EFBC}") = "Api", "Service\Api\Api.csproj", "{048E8EDE-4BB0-4B54-99FC-C7C3E86E9767}"
EndProject
Project("{FAE04EC0-301F-11D3-BF4B-00C04F79EFBC}") = "Domain", "Service\Domain\Domain.csproj", "{9323AE9C-EE26-40C6-84DD-408B25434B67}"
EndProject
Project("{FAE04EC0-301F-11D3-BF4B-00C04F79EFBC}") = "Web", "Web\Web.csproj", "{8E023EA4-8013-41D5-9955-539953E9806D}"
EndProject
Global
	GlobalSection(SolutionProperties) = preSolution
		HideSolutionNode = FALSE
	EndGlobalSection
	GlobalSection(SolutionConfigurationPlatforms) = preSolution
		Debug|Any CPU = Debug|Any CPU
		Debug|x64 = Debug|x64
		Debug|x86 = Debug|x86
		Release|Any CPU = Release|Any CPU
		Release|x64 = Release|x64
		Release|x86 = Release|x86
	EndGlobalSection
	GlobalSection(ProjectConfigurationPlatforms) = postSolution
		{19E3237C-FFF7-43E8-B673-FBD0F0A25AE3}.Debug|Any CPU.ActiveCfg = Debug|Any CPU
		{19E3237C-FFF7-43E8-B673-FBD0F0A25AE3}.Debug|Any CPU.Build.0 = Debug|Any CPU
		{19E3237C-FFF7-43E8-B673-FBD0F0A25AE3}.Debug|x64.ActiveCfg = Debug|Any CPU
		{19E3237C-FFF7-43E8-B673-FBD0F0A25AE3}.Debug|x64.Build.0 = Debug|Any CPU
		{19E3237C-FFF7-43E8-B673-FBD0F0A25AE3}.Debug|x86.ActiveCfg = Debug|Any CPU
		{19E3237C-FFF7-43E8-B673-FBD0F0A25AE3}.Debug|x86.Build.0 = Debug|Any CPU
		{19E3237C-FFF7-43E8-B673-FBD0F0A25AE3}.Release|Any CPU.ActiveCfg = Release|Any CPU
		{19E3237C-FFF7-43E8-B673-FBD0F0A25AE3}.Release|Any CPU.Build.0 = Release|Any CPU
		{19E3237C-FFF7-43E8-B673-FBD0F0A25AE3}.Release|x64.ActiveCfg = Release|Any CPU
		{19E3237C-FFF7-43E8-B673-FBD0F0A25AE3}.Release|x64.Build.0 = Release|Any CPU
		{19E3237C-FFF7-43E8-B673-FBD0F0A25AE3}.Release|x86.ActiveCfg = Release|Any CPU
		{19E3237C-FFF7-43E8-B673-FBD0F0A25AE3}.Release|x86.Build.0 = Release|Any CPU
		{306153EC-8F51-4F06-AFF0-2F5F44432F01}.Debug|Any CPU.ActiveCfg = Debug|Any CPU
		{306153EC-8F51-4F06-AFF0-2F5F44432F01}.Debug|Any CPU.Build.0 = Debug|Any CPU
		{306153EC-8F51-4F06-AFF0-2F5F44432F01}.Debug|x64.ActiveCfg = Debug|Any CPU
		{306153EC-8F51-4F06-AFF0-2F5F44432F01}.Debug|x64.Build.0 = Debug|Any CPU
		{306153EC-8F51-4F06-AFF0-2F5F44432F01}.Debug|x86.ActiveCfg = Debug|Any CPU
		{306153EC-8F51-4F06-AFF0-2F5F44432F01}.Debug|x86.Build.0 = Debug|Any CPU
		{306153EC-8F51-4F06-AFF0-2F5F44432F01}.Release|Any CPU.ActiveCfg = Release|Any CPU
		{306153EC-8F51-4F06-AFF0-2F5F44432F01}.Release|Any CPU.Build.0 = Release|Any CPU
		{306153EC-8F51-4F06-AFF0-2F5F44432F01}.Release|x64.ActiveCfg = Release|Any CPU
		{306153EC-8F51-4F06-AFF0-2F5F44432F01}.Release|x64.Build.0 = Release|Any CPU
		{306153EC-8F51-4F06-AFF0-2F5F44432F01}.Release|x86.ActiveCfg = Release|Any CPU
		{306153EC-8F51-4F06-AFF0-2F5F44432F01}.Release|x86.Build.0 = Release|Any CPU
		{048E8EDE-4BB0-4B54-99FC-C7C3E86E9767}.Debug|Any CPU.ActiveCfg = Debug|Any CPU
		{048E8EDE-4BB0-4B54-99FC-C7C3E86E9767}.Debug|Any CPU.Build.0 = Debug|Any CPU
		{048E8EDE-4BB0-4B54-99FC-C7C3E86E9767}.Debug|x64.ActiveCfg = Debug|Any CPU
		{048E8EDE-4BB0-4B54-99FC-C7C3E86E9767}.Debug|x64.Build.0 = Debug|Any CPU
		{048E8EDE-4BB0-4B54-99FC-C7C3E86E9767}.Debug|x86.ActiveCfg = Debug|Any CPU
		{048E8EDE-4BB0-4B54-99FC-C7C3E86E9767}.Debug|x86.Build.0 = Debug|Any CPU
		{048E8EDE-4BB0-4B54-99FC-C7C3E86E9767}.Release|Any CPU.ActiveCfg = Release|Any CPU
		{048E8EDE-4BB0-4B54-99FC-C7C3E86E9767}.Release|Any CPU.Build.0 = Release|Any CPU
		{048E8EDE-4BB0-4B54-99FC-C7C3E86E9767}.Release|x64.ActiveCfg = Release|Any CPU
		{048E8EDE-4BB0-4B54-99FC-C7C3E86E9767}.Release|x64.Build.0 = Release|Any CPU
		{048E8EDE-4BB0-4B54-99FC-C7C3E86E9767}.Release|x86.ActiveCfg = Release|Any CPU
		{048E8EDE-4BB0-4B54-99FC-C7C3E86E9767}.Release|x86.Build.0 = Release|Any CPU
		{9323AE9C-EE26-40C6-84DD-408B25434B67}.Debug|Any CPU.ActiveCfg = Debug|Any CPU
		{9323AE9C-EE26-40C6-84DD-408B25434B67}.Debug|Any CPU.Build.0 = Debug|Any CPU
		{9323AE9C-EE26-40C6-84DD-408B25434B67}.Debug|x64.ActiveCfg = Debug|Any CPU
		{9323AE9C-EE26-40C6-84DD-408B25434B67}.Debug|x64.Build.0 = Debug|Any CPU
		{9323AE9C-EE26-40C6-84DD-408B25434B67}.Debug|x86.ActiveCfg = Debug|Any CPU
		{9323AE9C-EE26-40C6-84DD-408B25434B67}.Debug|x86.Build.0 = Debug|Any CPU
		{9323AE9C-EE26-40C6-84DD-408B25434B67}.Release|Any CPU.ActiveCfg = Release|Any CPU
		{9323AE9C-EE26-40C6-84DD-408B25434B67}.Release|Any CPU.Build.0 = Release|Any CPU
		{9323AE9C-EE26-40C6-84DD-408B25434B67}.Release|x64.ActiveCfg = Release|Any CPU
		{9323AE9C-EE26-40C6-84DD-408B25434B67}.Release|x64.Build.0 = Release|Any CPU
		{9323AE9C-EE26-40C6-84DD-408B25434B67}.Release|x86.ActiveCfg = Release|Any CPU
		{9323AE9C-EE26-40C6-84DD-408B25434B67}.Release|x86.Build.0 = Release|Any CPU
		{8E023EA4-8013-41D5-9955-539953E9806D}.Debug|Any CPU.ActiveCfg = Debug|Any CPU
		{8E023EA4-8013-41D5-9955-539953E9806D}.Debug|Any CPU.Build.0 = Debug|Any CPU
		{8E023EA4-8013-41D5-9955-539953E9806D}.Debug|x64.ActiveCfg = Debug|Any CPU
		{8E023EA4-8013-41D5-9955-539953E9806D}.Debug|x64.Build.0 = Debug|Any CPU
		{8E023EA4-8013-41D5-9955-539953E9806D}.Debug|x86.ActiveCfg = Debug|Any CPU
		{8E023EA4-8013-41D5-9955-539953E9806D}.Debug|x86.Build.0 = Debug|Any CPU
		{8E023EA4-8013-41D5-9955-539953E9806D}.Release|Any CPU.ActiveCfg = Release|Any CPU
		{8E023EA4-8013-41D5-9955-539953E9806D}.Release|Any CPU.Build.0 = Release|Any CPU
		{8E023EA4-8013-41D5-9955-539953E9806D}.Release|x64.ActiveCfg = Release|Any CPU
		{8E023EA4-8013-41D5-9955-539953E9806D}.Release|x64.Build.0 = Release|Any CPU
		{8E023EA4-8013-41D5-9955-539953E9806D}.Release|x86.ActiveCfg = Release|Any CPU
		{8E023EA4-8013-41D5-9955-539953E9806D}.Release|x86.Build.0 = Release|Any CPU
	EndGlobalSection
	GlobalSection(NestedProjects) = preSolution
		{19E3237C-FFF7-43E8-B673-FBD0F0A25AE3} = {514813E3-B652-4DD3-BEDC-BB7757C26104}
		{306153EC-8F51-4F06-AFF0-2F5F44432F01} = {514813E3-B652-4DD3-BEDC-BB7757C26104}
		{048E8EDE-4BB0-4B54-99FC-C7C3E86E9767} = {514813E3-B652-4DD3-BEDC-BB7757C26104}
		{9323AE9C-EE26-40C6-84DD-408B25434B67} = {514813E3-B652-4DD3-BEDC-BB7757C26104}
	EndGlobalSection
EndGlobal
